
Microsoft Visual Studio Solution File, Format Version 12.00
# Visual Studio Version 17
VisualStudioVersion = 17.13.35931.197 d17.13
MinimumVisualStudioVersion = 10.0.40219.1
Project("{FAE04EC0-301F-11D3-BF4B-00C04F79EFBC}") = "DoAnWEB_HoSoBenhAnDienTu_Nhom3", "DoAnWEB_HoSoBenhAnDienTu_Nhom3\DoAnWEB_HoSoBenhAnDienTu_Nhom3.csproj", "{BD4AD5CE-AF06-4946-8F10-1435B6BC8EC8}"
EndProject
Global
	GlobalSection(SolutionConfigurationPlatforms) = preSolution
		Debug|Any CPU = Debug|Any CPU
		Release|Any CPU = Release|Any CPU
	EndGlobalSection
	GlobalSection(ProjectConfigurationPlatforms) = postSolution
		{BD4AD5CE-AF06-4946-8F10-1435B6BC8EC8}.Debug|Any CPU.ActiveCfg = Debug|Any CPU
		{BD4AD5CE-AF06-4946-8F10-1435B6BC8EC8}.Debug|Any CPU.Build.0 = Debug|Any CPU
		{BD4AD5CE-AF06-4946-8F10-1435B6BC8EC8}.Release|Any CPU.ActiveCfg = Release|Any CPU
		{BD4AD5CE-AF06-4946-8F10-1435B6BC8EC8}.Release|Any CPU.Build.0 = Release|Any CPU
	EndGlobalSection
	GlobalSection(SolutionProperties) = preSolution
		HideSolutionNode = FALSE
	EndGlobalSection
	GlobalSection(ExtensibilityGlobals) = postSolution
		SolutionGuid = {3EE52615-BB63-4DB2-A362-2381BDC24D0D}
	EndGlobalSection
EndGlobal
